
Microsoft Visual Studio Solution File, Format Version 12.00
# Visual Studio Version 17
VisualStudioVersion = 17.7.34031.279
MinimumVisualStudioVersion = 10.0.40219.1
Project("{9A19103F-16F7-4668-BE54-9A1E7A4F7556}") = "TransportationTax.DomainClasses", "TransportationTax.DomainClasses\TransportationTax.DomainClasses.csproj", "{0BF53C38-1A2C-4C2F-9859-7119795DDF0A}"
EndProject
Project("{9A19103F-16F7-4668-BE54-9A1E7A4F7556}") = "TransportationTax.DataLayer", "TransportationTax.DataLayer\TransportationTax.DataLayer.csproj", "{E72109ED-8BAA-4299-B75D-1BD47D8475A3}"
EndProject
Project("{9A19103F-16F7-4668-BE54-9A1E7A4F7556}") = "TransportationTax.Services", "TransportationTax.Services\TransportationTax.Services.csproj", "{BEEC88F3-0D52-4448-95FB-08855A9BC256}"
EndProject
Project("{9A19103F-16F7-4668-BE54-9A1E7A4F7556}") = "TransportationTax.BlazorClient", "TransportationTax.BlazorClient\TransportationTax.BlazorClient.csproj", "{5ED6686D-4A95-44BE-A211-E42F673A021D}"
EndProject
Global
	GlobalSection(SolutionConfigurationPlatforms) = preSolution
		Debug|Any CPU = Debug|Any CPU
		Release|Any CPU = Release|Any CPU
	EndGlobalSection
	GlobalSection(ProjectConfigurationPlatforms) = postSolution
		{0BF53C38-1A2C-4C2F-9859-7119795DDF0A}.Debug|Any CPU.ActiveCfg = Debug|Any CPU
		{0BF53C38-1A2C-4C2F-9859-7119795DDF0A}.Debug|Any CPU.Build.0 = Debug|Any CPU
		{0BF53C38-1A2C-4C2F-9859-7119795DDF0A}.Release|Any CPU.ActiveCfg = Release|Any CPU
		{0BF53C38-1A2C-4C2F-9859-7119795DDF0A}.Release|Any CPU.Build.0 = Release|Any CPU
		{E72109ED-8BAA-4299-B75D-1BD47D8475A3}.Debug|Any CPU.ActiveCfg = Debug|Any CPU
		{E72109ED-8BAA-4299-B75D-1BD47D8475A3}.Debug|Any CPU.Build.0 = Debug|Any CPU
		{E72109ED-8BAA-4299-B75D-1BD47D8475A3}.Release|Any CPU.ActiveCfg = Release|Any CPU
		{E72109ED-8BAA-4299-B75D-1BD47D8475A3}.Release|Any CPU.Build.0 = Release|Any CPU
		{BEEC88F3-0D52-4448-95FB-08855A9BC256}.Debug|Any CPU.ActiveCfg = Debug|Any CPU
		{BEEC88F3-0D52-4448-95FB-08855A9BC256}.Debug|Any CPU.Build.0 = Debug|Any CPU
		{BEEC88F3-0D52-4448-95FB-08855A9BC256}.Release|Any CPU.ActiveCfg = Release|Any CPU
		{BEEC88F3-0D52-4448-95FB-08855A9BC256}.Release|Any CPU.Build.0 = Release|Any CPU
		{5ED6686D-4A95-44BE-A211-E42F673A021D}.Debug|Any CPU.ActiveCfg = Debug|Any CPU
		{5ED6686D-4A95-44BE-A211-E42F673A021D}.Debug|Any CPU.Build.0 = Debug|Any CPU
		{5ED6686D-4A95-44BE-A211-E42F673A021D}.Release|Any CPU.ActiveCfg = Release|Any CPU
		{5ED6686D-4A95-44BE-A211-E42F673A021D}.Release|Any CPU.Build.0 = Release|Any CPU
	EndGlobalSection
	GlobalSection(SolutionProperties) = preSolution
		HideSolutionNode = FALSE
	EndGlobalSection
	GlobalSection(ExtensibilityGlobals) = postSolution
		SolutionGuid = {822C24DB-46B6-494A-8FC5-B2C558469801}
	EndGlobalSection
EndGlobal
